
Microsoft Visual Studio Solution File, Format Version 12.00
# Visual Studio Version 16
VisualStudioVersion = 16.0.31005.135
MinimumVisualStudioVersion = 10.0.40219.1
Project("{9A19103F-16F7-4668-BE54-9A1E7A4F7556}") = "NaqdiAPI", "NaqdiAPI\NaqdiAPI.csproj", "{F4C86848-A8DF-4032-B85F-D70C4B4E204B}"
EndProject
Project("{9A19103F-16F7-4668-BE54-9A1E7A4F7556}") = "NaqdiDAL", "NaqdiDAL\NaqdiDAL.csproj", "{DAF0C619-BEF5-4EFE-875B-8BDD96FCCA9A}"
EndProject
Project("{9A19103F-16F7-4668-BE54-9A1E7A4F7556}") = "NaqdiBLL", "NaqdiBLL\NaqdiBLL.csproj", "{D4BB790D-71FF-4DEC-A718-3E23B0D86006}"
EndProject
Global
	GlobalSection(SolutionConfigurationPlatforms) = preSolution
		Debug|Any CPU = Debug|Any CPU
		Release|Any CPU = Release|Any CPU
	EndGlobalSection
	GlobalSection(ProjectConfigurationPlatforms) = postSolution
		{F4C86848-A8DF-4032-B85F-D70C4B4E204B}.Debug|Any CPU.ActiveCfg = Debug|Any CPU
		{F4C86848-A8DF-4032-B85F-D70C4B4E204B}.Debug|Any CPU.Build.0 = Debug|Any CPU
		{F4C86848-A8DF-4032-B85F-D70C4B4E204B}.Release|Any CPU.ActiveCfg = Release|Any CPU
		{F4C86848-A8DF-4032-B85F-D70C4B4E204B}.Release|Any CPU.Build.0 = Release|Any CPU
		{DAF0C619-BEF5-4EFE-875B-8BDD96FCCA9A}.Debug|Any CPU.ActiveCfg = Debug|Any CPU
		{DAF0C619-BEF5-4EFE-875B-8BDD96FCCA9A}.Debug|Any CPU.Build.0 = Debug|Any CPU
		{DAF0C619-BEF5-4EFE-875B-8BDD96FCCA9A}.Release|Any CPU.ActiveCfg = Release|Any CPU
		{DAF0C619-BEF5-4EFE-875B-8BDD96FCCA9A}.Release|Any CPU.Build.0 = Release|Any CPU
		{D4BB790D-71FF-4DEC-A718-3E23B0D86006}.Debug|Any CPU.ActiveCfg = Debug|Any CPU
		{D4BB790D-71FF-4DEC-A718-3E23B0D86006}.Debug|Any CPU.Build.0 = Debug|Any CPU
		{D4BB790D-71FF-4DEC-A718-3E23B0D86006}.Release|Any CPU.ActiveCfg = Release|Any CPU
		{D4BB790D-71FF-4DEC-A718-3E23B0D86006}.Release|Any CPU.Build.0 = Release|Any CPU
	EndGlobalSection
	GlobalSection(SolutionProperties) = preSolution
		HideSolutionNode = FALSE
	EndGlobalSection
	GlobalSection(ExtensibilityGlobals) = postSolution
		SolutionGuid = {2347D4CF-6BD5-45F0-AAF2-CB7B226FBDFC}
	EndGlobalSection
EndGlobal
